
Microsoft Visual Studio Solution File, Format Version 12.00
# Visual Studio Version 16
VisualStudioVersion = 16.0.29503.13
MinimumVisualStudioVersion = 10.0.40219.1
Project("{8BC9CEB8-8B4A-11D0-8D11-00A0C91BC942}") = "Zavd1", "Zavd1\Zavd1.vcxproj", "{26044371-41A3-4DFB-9972-918377BB79E3}"
EndProject
Project("{8BC9CEB8-8B4A-11D0-8D11-00A0C91BC942}") = "Zavd2", "Zavd2\Zavd2.vcxproj", "{6FAA4DE2-9C8D-4B0A-B2F1-0E66EA16170C}"
EndProject
Project("{8BC9CEB8-8B4A-11D0-8D11-00A0C91BC942}") = "Zavd3", "Zavd3\Zavd3.vcxproj", "{FDD1FF3C-83F3-470D-A23F-287C4B8A97EB}"
EndProject
Project("{8BC9CEB8-8B4A-11D0-8D11-00A0C91BC942}") = "Zavd4", "Zavd4\Zavd4.vcxproj", "{D48284C4-8BDB-4D7F-A1E9-2F73C73912F2}"
EndProject
Project("{8BC9CEB8-8B4A-11D0-8D11-00A0C91BC942}") = "Zavd5", "Zavd5\Zavd5.vcxproj", "{CF89BB5A-E39A-42A1-905A-CFDC50A42C14}"
EndProject
Project("{8BC9CEB8-8B4A-11D0-8D11-00A0C91BC942}") = "Zavd6", "Zavd6\Zavd6.vcxproj", "{9CAA56A3-EE44-4AD4-B070-D400672F2222}"
EndProject
Project("{8BC9CEB8-8B4A-11D0-8D11-00A0C91BC942}") = "Zavd7", "Zavd7\Zavd7.vcxproj", "{3E79A71E-4111-4044-B96D-C5787FB53BF4}"
EndProject
Project("{8BC9CEB8-8B4A-11D0-8D11-00A0C91BC942}") = "Zavd8", "Zavd8\Zavd8.vcxproj", "{199C0D05-0219-4708-9444-E9434E6643E6}"
EndProject
Project("{8BC9CEB8-8B4A-11D0-8D11-00A0C91BC942}") = "Zavd9", "Zavd9\Zavd9.vcxproj", "{2F216FEF-9D8A-4735-934C-81C787E18F6B}"
EndProject
Project("{8BC9CEB8-8B4A-11D0-8D11-00A0C91BC942}") = "Zavd10", "Zavd10\Zavd10.vcxproj", "{347D4FD4-E6F7-48AA-9312-42B6C18ACDBD}"
EndProject
Project("{8BC9CEB8-8B4A-11D0-8D11-00A0C91BC942}") = "Zavd11", "Zavd11\Zavd11.vcxproj", "{E30B850D-6E46-44D4-A065-7F6C7CAF6ACF}"
EndProject
Global
	GlobalSection(SolutionConfigurationPlatforms) = preSolution
		Debug|x64 = Debug|x64
		Debug|x86 = Debug|x86
		Release|x64 = Release|x64
		Release|x86 = Release|x86
	EndGlobalSection
	GlobalSection(ProjectConfigurationPlatforms) = postSolution
		{26044371-41A3-4DFB-9972-918377BB79E3}.Debug|x64.ActiveCfg = Debug|x64
		{26044371-41A3-4DFB-9972-918377BB79E3}.Debug|x64.Build.0 = Debug|x64
		{26044371-41A3-4DFB-9972-918377BB79E3}.Debug|x86.ActiveCfg = Debug|Win32
		{26044371-41A3-4DFB-9972-918377BB79E3}.Debug|x86.Build.0 = Debug|Win32
		{26044371-41A3-4DFB-9972-918377BB79E3}.Release|x64.ActiveCfg = Release|x64
		{26044371-41A3-4DFB-9972-918377BB79E3}.Release|x64.Build.0 = Release|x64
		{26044371-41A3-4DFB-9972-918377BB79E3}.Release|x86.ActiveCfg = Release|Win32
		{26044371-41A3-4DFB-9972-918377BB79E3}.Release|x86.Build.0 = Release|Win32
		{6FAA4DE2-9C8D-4B0A-B2F1-0E66EA16170C}.Debug|x64.ActiveCfg = Debug|x64
		{6FAA4DE2-9C8D-4B0A-B2F1-0E66EA16170C}.Debug|x64.Build.0 = Debug|x64
		{6FAA4DE2-9C8D-4B0A-B2F1-0E66EA16170C}.Debug|x86.ActiveCfg = Debug|Win32
		{6FAA4DE2-9C8D-4B0A-B2F1-0E66EA16170C}.Debug|x86.Build.0 = Debug|Win32
		{6FAA4DE2-9C8D-4B0A-B2F1-0E66EA16170C}.Release|x64.ActiveCfg = Release|x64
		{6FAA4DE2-9C8D-4B0A-B2F1-0E66EA16170C}.Release|x64.Build.0 = Release|x64
		{6FAA4DE2-9C8D-4B0A-B2F1-0E66EA16170C}.Release|x86.ActiveCfg = Release|Win32
		{6FAA4DE2-9C8D-4B0A-B2F1-0E66EA16170C}.Release|x86.Build.0 = Release|Win32
		{FDD1FF3C-83F3-470D-A23F-287C4B8A97EB}.Debug|x64.ActiveCfg = Debug|x64
		{FDD1FF3C-83F3-470D-A23F-287C4B8A97EB}.Debug|x64.Build.0 = Debug|x64
		{FDD1FF3C-83F3-470D-A23F-287C4B8A97EB}.Debug|x86.ActiveCfg = Debug|Win32
		{FDD1FF3C-83F3-470D-A23F-287C4B8A97EB}.Debug|x86.Build.0 = Debug|Win32
		{FDD1FF3C-83F3-470D-A23F-287C4B8A97EB}.Release|x64.ActiveCfg = Release|x64
		{FDD1FF3C-83F3-470D-A23F-287C4B8A97EB}.Release|x64.Build.0 = Release|x64
		{FDD1FF3C-83F3-470D-A23F-287C4B8A97EB}.Release|x86.ActiveCfg = Release|Win32
		{FDD1FF3C-83F3-470D-A23F-287C4B8A97EB}.Release|x86.Build.0 = Release|Win32
		{D48284C4-8BDB-4D7F-A1E9-2F73C73912F2}.Debug|x64.ActiveCfg = Debug|x64
		{D48284C4-8BDB-4D7F-A1E9-2F73C73912F2}.Debug|x64.Build.0 = Debug|x64
		{D48284C4-8BDB-4D7F-A1E9-2F73C73912F2}.Debug|x86.ActiveCfg = Debug|Win32
		{D48284C4-8BDB-4D7F-A1E9-2F73C73912F2}.Debug|x86.Build.0 = Debug|Win32
		{D48284C4-8BDB-4D7F-A1E9-2F73C73912F2}.Release|x64.ActiveCfg = Release|x64
		{D48284C4-8BDB-4D7F-A1E9-2F73C73912F2}.Release|x64.Build.0 = Release|x64
		{D48284C4-8BDB-4D7F-A1E9-2F73C73912F2}.Release|x86.ActiveCfg = Release|Win32
		{D48284C4-8BDB-4D7F-A1E9-2F73C73912F2}.Release|x86.Build.0 = Release|Win32
		{CF89BB5A-E39A-42A1-905A-CFDC50A42C14}.Debug|x64.ActiveCfg = Debug|x64
		{CF89BB5A-E39A-42A1-905A-CFDC50A42C14}.Debug|x64.Build.0 = Debug|x64
		{CF89BB5A-E39A-42A1-905A-CFDC50A42C14}.Debug|x86.ActiveCfg = Debug|Win32
		{CF89BB5A-E39A-42A1-905A-CFDC50A42C14}.Debug|x86.Build.0 = Debug|Win32
		{CF89BB5A-E39A-42A1-905A-CFDC50A42C14}.Release|x64.ActiveCfg = Release|x64
		{CF89BB5A-E39A-42A1-905A-CFDC50A42C14}.Release|x64.Build.0 = Release|x64
		{CF89BB5A-E39A-42A1-905A-CFDC50A42C14}.Release|x86.ActiveCfg = Release|Win32
		{CF89BB5A-E39A-42A1-905A-CFDC50A42C14}.Release|x86.Build.0 = Release|Win32
		{9CAA56A3-EE44-4AD4-B070-D400672F2222}.Debug|x64.ActiveCfg = Debug|x64
		{9CAA56A3-EE44-4AD4-B070-D400672F2222}.Debug|x64.Build.0 = Debug|x64
		{9CAA56A3-EE44-4AD4-B070-D400672F2222}.Debug|x86.ActiveCfg = Debug|Win32
		{9CAA56A3-EE44-4AD4-B070-D400672F2222}.Debug|x86.Build.0 = Debug|Win32
		{9CAA56A3-EE44-4AD4-B070-D400672F2222}.Release|x64.ActiveCfg = Release|x64
		{9CAA56A3-EE44-4AD4-B070-D400672F2222}.Release|x64.Build.0 = Release|x64
		{9CAA56A3-EE44-4AD4-B070-D400672F2222}.Release|x86.ActiveCfg = Release|Win32
		{9CAA56A3-EE44-4AD4-B070-D400672F2222}.Release|x86.Build.0 = Release|Win32
		{3E79A71E-4111-4044-B96D-C5787FB53BF4}.Debug|x64.ActiveCfg = Debug|x64
		{3E79A71E-4111-4044-B96D-C5787FB53BF4}.Debug|x64.Build.0 = Debug|x64
		{3E79A71E-4111-4044-B96D-C5787FB53BF4}.Debug|x86.ActiveCfg = Debug|Win32
		{3E79A71E-4111-4044-B96D-C5787FB53BF4}.Debug|x86.Build.0 = Debug|Win32
		{3E79A71E-4111-4044-B96D-C5787FB53BF4}.Release|x64.ActiveCfg = Release|x64
		{3E79A71E-4111-4044-B96D-C5787FB53BF4}.Release|x64.Build.0 = Release|x64
		{3E79A71E-4111-4044-B96D-C5787FB53BF4}.Release|x86.ActiveCfg = Release|Win32
		{3E79A71E-4111-4044-B96D-C5787FB53BF4}.Release|x86.Build.0 = Release|Win32
		{199C0D05-0219-4708-9444-E9434E6643E6}.Debug|x64.ActiveCfg = Debug|x64
		{199C0D05-0219-4708-9444-E9434E6643E6}.Debug|x64.Build.0 = Debug|x64
		{199C0D05-0219-4708-9444-E9434E6643E6}.Debug|x86.ActiveCfg = Debug|Win32
		{199C0D05-0219-4708-9444-E9434E6643E6}.Debug|x86.Build.0 = Debug|Win32
		{199C0D05-0219-4708-9444-E9434E6643E6}.Release|x64.ActiveCfg = Release|x64
		{199C0D05-0219-4708-9444-E9434E6643E6}.Release|x64.Build.0 = Release|x64
		{199C0D05-0219-4708-9444-E9434E6643E6}.Release|x86.ActiveCfg = Release|Win32
		{199C0D05-0219-4708-9444-E9434E6643E6}.Release|x86.Build.0 = Release|Win32
		{2F216FEF-9D8A-4735-934C-81C787E18F6B}.Debug|x64.ActiveCfg = Debug|x64
		{2F216FEF-9D8A-4735-934C-81C787E18F6B}.Debug|x64.Build.0 = Debug|x64
		{2F216FEF-9D8A-4735-934C-81C787E18F6B}.Debug|x86.ActiveCfg = Debug|Win32
		{2F216FEF-9D8A-4735-934C-81C787E18F6B}.Debug|x86.Build.0 = Debug|Win32
		{2F216FEF-9D8A-4735-934C-81C787E18F6B}.Release|x64.ActiveCfg = Release|x64
		{2F216FEF-9D8A-4735-934C-81C787E18F6B}.Release|x64.Build.0 = Release|x64
		{2F216FEF-9D8A-4735-934C-81C787E18F6B}.Release|x86.ActiveCfg = Release|Win32
		{2F216FEF-9D8A-4735-934C-81C787E18F6B}.Release|x86.Build.0 = Release|Win32
		{347D4FD4-E6F7-48AA-9312-42B6C18ACDBD}.Debug|x64.ActiveCfg = Debug|x64
		{347D4FD4-E6F7-48AA-9312-42B6C18ACDBD}.Debug|x64.Build.0 = Debug|x64
		{347D4FD4-E6F7-48AA-9312-42B6C18ACDBD}.Debug|x86.ActiveCfg = Debug|Win32
		{347D4FD4-E6F7-48AA-9312-42B6C18ACDBD}.Debug|x86.Build.0 = Debug|Win32
		{347D4FD4-E6F7-48AA-9312-42B6C18ACDBD}.Release|x64.ActiveCfg = Release|x64
		{347D4FD4-E6F7-48AA-9312-42B6C18ACDBD}.Release|x64.Build.0 = Release|x64
		{347D4FD4-E6F7-48AA-9312-42B6C18ACDBD}.Release|x86.ActiveCfg = Release|Win32
		{347D4FD4-E6F7-48AA-9312-42B6C18ACDBD}.Release|x86.Build.0 = Release|Win32
		{E30B850D-6E46-44D4-A065-7F6C7CAF6ACF}.Debug|x64.ActiveCfg = Debug|x64
		{E30B850D-6E46-44D4-A065-7F6C7CAF6ACF}.Debug|x64.Build.0 = Debug|x64
		{E30B850D-6E46-44D4-A065-7F6C7CAF6ACF}.Debug|x86.ActiveCfg = Debug|Win32
		{E30B850D-6E46-44D4-A065-7F6C7CAF6ACF}.Debug|x86.Build.0 = Debug|Win32
		{E30B850D-6E46-44D4-A065-7F6C7CAF6ACF}.Release|x64.ActiveCfg = Release|x64
		{E30B850D-6E46-44D4-A065-7F6C7CAF6ACF}.Release|x64.Build.0 = Release|x64
		{E30B850D-6E46-44D4-A065-7F6C7CAF6ACF}.Release|x86.ActiveCfg = Release|Win32
		{E30B850D-6E46-44D4-A065-7F6C7CAF6ACF}.Release|x86.Build.0 = Release|Win32
	EndGlobalSection
	GlobalSection(SolutionProperties) = preSolution
		HideSolutionNode = FALSE
	EndGlobalSection
	GlobalSection(ExtensibilityGlobals) = postSolution
		SolutionGuid = {A22A1CE4-2528-4ABD-88B2-B723671D9F56}
	EndGlobalSection
EndGlobal
