
Microsoft Visual Studio Solution File, Format Version 12.00
# Visual Studio Version 16
VisualStudioVersion = 16.0.29324.140
MinimumVisualStudioVersion = 10.0.40219.1
Project("{8BC9CEB8-8B4A-11D0-8D11-00A0C91BC942}") = "Zavd1", "Zavd1\Zavd1.vcxproj", "{108519DD-F2DB-4473-8242-56B1B76171DA}"
EndProject
Project("{8BC9CEB8-8B4A-11D0-8D11-00A0C91BC942}") = "Zavd2", "Zavd2\Zavd2.vcxproj", "{81B61681-24D0-45FB-A5E8-A24994B430E6}"
EndProject
Project("{8BC9CEB8-8B4A-11D0-8D11-00A0C91BC942}") = "Zavd3", "Zavd3\Zavd3.vcxproj", "{5984A003-8CEE-4003-85E9-28A50AB75EAC}"
EndProject
Project("{8BC9CEB8-8B4A-11D0-8D11-00A0C91BC942}") = "Zavd4", "Zavd4\Zavd4.vcxproj", "{6BCE5F81-E161-48D2-A5D3-28D63E59DFDD}"
EndProject
Project("{8BC9CEB8-8B4A-11D0-8D11-00A0C91BC942}") = "Zavd5", "Zavd5\Zavd5.vcxproj", "{A13133D0-16F8-4001-BC21-019F1E50B619}"
EndProject
Project("{8BC9CEB8-8B4A-11D0-8D11-00A0C91BC942}") = "Zavd6", "Zavd6\Zavd6.vcxproj", "{0BFCD6E9-9310-48EF-9173-7E401D1087AE}"
EndProject
Project("{8BC9CEB8-8B4A-11D0-8D11-00A0C91BC942}") = "Zavd7", "Zavd7\Zavd7.vcxproj", "{E62644D9-4028-45A9-B3B5-61BE956A610F}"
EndProject
Project("{8BC9CEB8-8B4A-11D0-8D11-00A0C91BC942}") = "Zavd8", "Zavd8\Zavd8.vcxproj", "{DCEA96BF-3537-4D3B-B48F-F4864C54B4F0}"
EndProject
Project("{8BC9CEB8-8B4A-11D0-8D11-00A0C91BC942}") = "Zavd9", "Zavd9\Zavd9.vcxproj", "{C1C19907-258A-425A-A489-347753323825}"
EndProject
Project("{8BC9CEB8-8B4A-11D0-8D11-00A0C91BC942}") = "Zavd10", "Zavd10\Zavd10.vcxproj", "{43233693-C3C2-4926-9075-5B2FD9B6D2CD}"
EndProject
Global
	GlobalSection(SolutionConfigurationPlatforms) = preSolution
		Debug|x64 = Debug|x64
		Debug|x86 = Debug|x86
		Release|x64 = Release|x64
		Release|x86 = Release|x86
	EndGlobalSection
	GlobalSection(ProjectConfigurationPlatforms) = postSolution
		{108519DD-F2DB-4473-8242-56B1B76171DA}.Debug|x64.ActiveCfg = Debug|x64
		{108519DD-F2DB-4473-8242-56B1B76171DA}.Debug|x64.Build.0 = Debug|x64
		{108519DD-F2DB-4473-8242-56B1B76171DA}.Debug|x86.ActiveCfg = Debug|Win32
		{108519DD-F2DB-4473-8242-56B1B76171DA}.Debug|x86.Build.0 = Debug|Win32
		{108519DD-F2DB-4473-8242-56B1B76171DA}.Release|x64.ActiveCfg = Release|x64
		{108519DD-F2DB-4473-8242-56B1B76171DA}.Release|x64.Build.0 = Release|x64
		{108519DD-F2DB-4473-8242-56B1B76171DA}.Release|x86.ActiveCfg = Release|Win32
		{108519DD-F2DB-4473-8242-56B1B76171DA}.Release|x86.Build.0 = Release|Win32
		{81B61681-24D0-45FB-A5E8-A24994B430E6}.Debug|x64.ActiveCfg = Debug|x64
		{81B61681-24D0-45FB-A5E8-A24994B430E6}.Debug|x64.Build.0 = Debug|x64
		{81B61681-24D0-45FB-A5E8-A24994B430E6}.Debug|x86.ActiveCfg = Debug|Win32
		{81B61681-24D0-45FB-A5E8-A24994B430E6}.Debug|x86.Build.0 = Debug|Win32
		{81B61681-24D0-45FB-A5E8-A24994B430E6}.Release|x64.ActiveCfg = Release|x64
		{81B61681-24D0-45FB-A5E8-A24994B430E6}.Release|x64.Build.0 = Release|x64
		{81B61681-24D0-45FB-A5E8-A24994B430E6}.Release|x86.ActiveCfg = Release|Win32
		{81B61681-24D0-45FB-A5E8-A24994B430E6}.Release|x86.Build.0 = Release|Win32
		{5984A003-8CEE-4003-85E9-28A50AB75EAC}.Debug|x64.ActiveCfg = Debug|x64
		{5984A003-8CEE-4003-85E9-28A50AB75EAC}.Debug|x64.Build.0 = Debug|x64
		{5984A003-8CEE-4003-85E9-28A50AB75EAC}.Debug|x86.ActiveCfg = Debug|Win32
		{5984A003-8CEE-4003-85E9-28A50AB75EAC}.Debug|x86.Build.0 = Debug|Win32
		{5984A003-8CEE-4003-85E9-28A50AB75EAC}.Release|x64.ActiveCfg = Release|x64
		{5984A003-8CEE-4003-85E9-28A50AB75EAC}.Release|x64.Build.0 = Release|x64
		{5984A003-8CEE-4003-85E9-28A50AB75EAC}.Release|x86.ActiveCfg = Release|Win32
		{5984A003-8CEE-4003-85E9-28A50AB75EAC}.Release|x86.Build.0 = Release|Win32
		{6BCE5F81-E161-48D2-A5D3-28D63E59DFDD}.Debug|x64.ActiveCfg = Debug|x64
		{6BCE5F81-E161-48D2-A5D3-28D63E59DFDD}.Debug|x64.Build.0 = Debug|x64
		{6BCE5F81-E161-48D2-A5D3-28D63E59DFDD}.Debug|x86.ActiveCfg = Debug|Win32
		{6BCE5F81-E161-48D2-A5D3-28D63E59DFDD}.Debug|x86.Build.0 = Debug|Win32
		{6BCE5F81-E161-48D2-A5D3-28D63E59DFDD}.Release|x64.ActiveCfg = Release|x64
		{6BCE5F81-E161-48D2-A5D3-28D63E59DFDD}.Release|x64.Build.0 = Release|x64
		{6BCE5F81-E161-48D2-A5D3-28D63E59DFDD}.Release|x86.ActiveCfg = Release|Win32
		{6BCE5F81-E161-48D2-A5D3-28D63E59DFDD}.Release|x86.Build.0 = Release|Win32
		{A13133D0-16F8-4001-BC21-019F1E50B619}.Debug|x64.ActiveCfg = Debug|x64
		{A13133D0-16F8-4001-BC21-019F1E50B619}.Debug|x64.Build.0 = Debug|x64
		{A13133D0-16F8-4001-BC21-019F1E50B619}.Debug|x86.ActiveCfg = Debug|Win32
		{A13133D0-16F8-4001-BC21-019F1E50B619}.Debug|x86.Build.0 = Debug|Win32
		{A13133D0-16F8-4001-BC21-019F1E50B619}.Release|x64.ActiveCfg = Release|x64
		{A13133D0-16F8-4001-BC21-019F1E50B619}.Release|x64.Build.0 = Release|x64
		{A13133D0-16F8-4001-BC21-019F1E50B619}.Release|x86.ActiveCfg = Release|Win32
		{A13133D0-16F8-4001-BC21-019F1E50B619}.Release|x86.Build.0 = Release|Win32
		{0BFCD6E9-9310-48EF-9173-7E401D1087AE}.Debug|x64.ActiveCfg = Debug|x64
		{0BFCD6E9-9310-48EF-9173-7E401D1087AE}.Debug|x64.Build.0 = Debug|x64
		{0BFCD6E9-9310-48EF-9173-7E401D1087AE}.Debug|x86.ActiveCfg = Debug|Win32
		{0BFCD6E9-9310-48EF-9173-7E401D1087AE}.Debug|x86.Build.0 = Debug|Win32
		{0BFCD6E9-9310-48EF-9173-7E401D1087AE}.Release|x64.ActiveCfg = Release|x64
		{0BFCD6E9-9310-48EF-9173-7E401D1087AE}.Release|x64.Build.0 = Release|x64
		{0BFCD6E9-9310-48EF-9173-7E401D1087AE}.Release|x86.ActiveCfg = Release|Win32
		{0BFCD6E9-9310-48EF-9173-7E401D1087AE}.Release|x86.Build.0 = Release|Win32
		{E62644D9-4028-45A9-B3B5-61BE956A610F}.Debug|x64.ActiveCfg = Debug|x64
		{E62644D9-4028-45A9-B3B5-61BE956A610F}.Debug|x64.Build.0 = Debug|x64
		{E62644D9-4028-45A9-B3B5-61BE956A610F}.Debug|x86.ActiveCfg = Debug|Win32
		{E62644D9-4028-45A9-B3B5-61BE956A610F}.Debug|x86.Build.0 = Debug|Win32
		{E62644D9-4028-45A9-B3B5-61BE956A610F}.Release|x64.ActiveCfg = Release|x64
		{E62644D9-4028-45A9-B3B5-61BE956A610F}.Release|x64.Build.0 = Release|x64
		{E62644D9-4028-45A9-B3B5-61BE956A610F}.Release|x86.ActiveCfg = Release|Win32
		{E62644D9-4028-45A9-B3B5-61BE956A610F}.Release|x86.Build.0 = Release|Win32
		{DCEA96BF-3537-4D3B-B48F-F4864C54B4F0}.Debug|x64.ActiveCfg = Debug|x64
		{DCEA96BF-3537-4D3B-B48F-F4864C54B4F0}.Debug|x64.Build.0 = Debug|x64
		{DCEA96BF-3537-4D3B-B48F-F4864C54B4F0}.Debug|x86.ActiveCfg = Debug|Win32
		{DCEA96BF-3537-4D3B-B48F-F4864C54B4F0}.Debug|x86.Build.0 = Debug|Win32
		{DCEA96BF-3537-4D3B-B48F-F4864C54B4F0}.Release|x64.ActiveCfg = Release|x64
		{DCEA96BF-3537-4D3B-B48F-F4864C54B4F0}.Release|x64.Build.0 = Release|x64
		{DCEA96BF-3537-4D3B-B48F-F4864C54B4F0}.Release|x86.ActiveCfg = Release|Win32
		{DCEA96BF-3537-4D3B-B48F-F4864C54B4F0}.Release|x86.Build.0 = Release|Win32
		{C1C19907-258A-425A-A489-347753323825}.Debug|x64.ActiveCfg = Debug|x64
		{C1C19907-258A-425A-A489-347753323825}.Debug|x64.Build.0 = Debug|x64
		{C1C19907-258A-425A-A489-347753323825}.Debug|x86.ActiveCfg = Debug|Win32
		{C1C19907-258A-425A-A489-347753323825}.Debug|x86.Build.0 = Debug|Win32
		{C1C19907-258A-425A-A489-347753323825}.Release|x64.ActiveCfg = Release|x64
		{C1C19907-258A-425A-A489-347753323825}.Release|x64.Build.0 = Release|x64
		{C1C19907-258A-425A-A489-347753323825}.Release|x86.ActiveCfg = Release|Win32
		{C1C19907-258A-425A-A489-347753323825}.Release|x86.Build.0 = Release|Win32
		{43233693-C3C2-4926-9075-5B2FD9B6D2CD}.Debug|x64.ActiveCfg = Debug|x64
		{43233693-C3C2-4926-9075-5B2FD9B6D2CD}.Debug|x64.Build.0 = Debug|x64
		{43233693-C3C2-4926-9075-5B2FD9B6D2CD}.Debug|x86.ActiveCfg = Debug|Win32
		{43233693-C3C2-4926-9075-5B2FD9B6D2CD}.Debug|x86.Build.0 = Debug|Win32
		{43233693-C3C2-4926-9075-5B2FD9B6D2CD}.Release|x64.ActiveCfg = Release|x64
		{43233693-C3C2-4926-9075-5B2FD9B6D2CD}.Release|x64.Build.0 = Release|x64
		{43233693-C3C2-4926-9075-5B2FD9B6D2CD}.Release|x86.ActiveCfg = Release|Win32
		{43233693-C3C2-4926-9075-5B2FD9B6D2CD}.Release|x86.Build.0 = Release|Win32
	EndGlobalSection
	GlobalSection(SolutionProperties) = preSolution
		HideSolutionNode = FALSE
	EndGlobalSection
	GlobalSection(ExtensibilityGlobals) = postSolution
		SolutionGuid = {6FA4CA11-6D87-441A-885C-9FF28A3720AB}
	EndGlobalSection
EndGlobal
