
Microsoft Visual Studio Solution File, Format Version 12.00
# Visual Studio Version 16
VisualStudioVersion = 16.0.29324.140
MinimumVisualStudioVersion = 10.0.40219.1
Project("{8BC9CEB8-8B4A-11D0-8D11-00A0C91BC942}") = "Zavd1", "Zavd1\Zavd1.vcxproj", "{2D79E2A3-7706-4D93-87DA-4CCDAA2CB742}"
EndProject
Project("{8BC9CEB8-8B4A-11D0-8D11-00A0C91BC942}") = "Zavd2", "Zavd2\Zavd2.vcxproj", "{278814E3-720B-41F5-B67A-94FD6BB3B4BC}"
EndProject
Project("{8BC9CEB8-8B4A-11D0-8D11-00A0C91BC942}") = "Zavd3", "Zavd3\Zavd3.vcxproj", "{0F96C453-C14C-4CD2-909B-896DECA85C3F}"
EndProject
Project("{8BC9CEB8-8B4A-11D0-8D11-00A0C91BC942}") = "Zavd4", "Zavd4\Zavd4.vcxproj", "{E120A9C1-5142-4455-80C9-F3B2F5C244D1}"
EndProject
Project("{8BC9CEB8-8B4A-11D0-8D11-00A0C91BC942}") = "Zavd5", "Zavd5\Zavd5.vcxproj", "{A6D6C80F-C755-4E80-9E23-2A42BCD50706}"
EndProject
Project("{8BC9CEB8-8B4A-11D0-8D11-00A0C91BC942}") = "Zavd6", "Zavd6\Zavd6.vcxproj", "{263A8E7C-83D1-4CF9-B29E-D698584397AE}"
EndProject
Project("{8BC9CEB8-8B4A-11D0-8D11-00A0C91BC942}") = "Zavd7", "Zavd7\Zavd7.vcxproj", "{2493D2D3-73A7-4AA4-9600-1F7B34DDBDE6}"
EndProject
Project("{8BC9CEB8-8B4A-11D0-8D11-00A0C91BC942}") = "Zavd8", "Zavd8\Zavd8.vcxproj", "{83C43761-857D-4A77-8BDA-F8FB04FAA765}"
EndProject
Project("{8BC9CEB8-8B4A-11D0-8D11-00A0C91BC942}") = "Zavd10", "Zavd10\Zavd10.vcxproj", "{B3DB44EA-E8BC-4CA9-8CC2-A1BD921A7F1B}"
EndProject
Project("{8BC9CEB8-8B4A-11D0-8D11-00A0C91BC942}") = "Zavd11", "Zavd11\Zavd11.vcxproj", "{433F071A-F9AC-481C-9442-AC6224FDAF12}"
EndProject
Project("{8BC9CEB8-8B4A-11D0-8D11-00A0C91BC942}") = "Zavd13", "Zavd13\Zavd13.vcxproj", "{273E7A83-CCD7-4042-9004-535F73AD7C5B}"
EndProject
Project("{8BC9CEB8-8B4A-11D0-8D11-00A0C91BC942}") = "Zavd14", "Zavd14\Zavd14.vcxproj", "{0263FD11-CD39-4394-9C40-A07DC2B755AF}"
EndProject
Project("{8BC9CEB8-8B4A-11D0-8D11-00A0C91BC942}") = "Zavd15", "Zavd15\Zavd15.vcxproj", "{2FA1B0A9-F64B-47F2-B228-3B82296177FE}"
EndProject
Project("{8BC9CEB8-8B4A-11D0-8D11-00A0C91BC942}") = "Zavd17", "Zavd17\Zavd17.vcxproj", "{FE7A976E-E0B6-4444-BA21-2105AE628544}"
EndProject
Project("{8BC9CEB8-8B4A-11D0-8D11-00A0C91BC942}") = "Zavd18", "Zavd18\Zavd18.vcxproj", "{AC120DE8-25A4-4F5B-B3AB-FAF80584F5A3}"
EndProject
Global
	GlobalSection(SolutionConfigurationPlatforms) = preSolution
		Debug|x64 = Debug|x64
		Debug|x86 = Debug|x86
		Release|x64 = Release|x64
		Release|x86 = Release|x86
	EndGlobalSection
	GlobalSection(ProjectConfigurationPlatforms) = postSolution
		{2D79E2A3-7706-4D93-87DA-4CCDAA2CB742}.Debug|x64.ActiveCfg = Debug|x64
		{2D79E2A3-7706-4D93-87DA-4CCDAA2CB742}.Debug|x64.Build.0 = Debug|x64
		{2D79E2A3-7706-4D93-87DA-4CCDAA2CB742}.Debug|x86.ActiveCfg = Debug|Win32
		{2D79E2A3-7706-4D93-87DA-4CCDAA2CB742}.Debug|x86.Build.0 = Debug|Win32
		{2D79E2A3-7706-4D93-87DA-4CCDAA2CB742}.Release|x64.ActiveCfg = Release|x64
		{2D79E2A3-7706-4D93-87DA-4CCDAA2CB742}.Release|x64.Build.0 = Release|x64
		{2D79E2A3-7706-4D93-87DA-4CCDAA2CB742}.Release|x86.ActiveCfg = Release|Win32
		{2D79E2A3-7706-4D93-87DA-4CCDAA2CB742}.Release|x86.Build.0 = Release|Win32
		{278814E3-720B-41F5-B67A-94FD6BB3B4BC}.Debug|x64.ActiveCfg = Debug|x64
		{278814E3-720B-41F5-B67A-94FD6BB3B4BC}.Debug|x64.Build.0 = Debug|x64
		{278814E3-720B-41F5-B67A-94FD6BB3B4BC}.Debug|x86.ActiveCfg = Debug|Win32
		{278814E3-720B-41F5-B67A-94FD6BB3B4BC}.Debug|x86.Build.0 = Debug|Win32
		{278814E3-720B-41F5-B67A-94FD6BB3B4BC}.Release|x64.ActiveCfg = Release|x64
		{278814E3-720B-41F5-B67A-94FD6BB3B4BC}.Release|x64.Build.0 = Release|x64
		{278814E3-720B-41F5-B67A-94FD6BB3B4BC}.Release|x86.ActiveCfg = Release|Win32
		{278814E3-720B-41F5-B67A-94FD6BB3B4BC}.Release|x86.Build.0 = Release|Win32
		{0F96C453-C14C-4CD2-909B-896DECA85C3F}.Debug|x64.ActiveCfg = Debug|x64
		{0F96C453-C14C-4CD2-909B-896DECA85C3F}.Debug|x64.Build.0 = Debug|x64
		{0F96C453-C14C-4CD2-909B-896DECA85C3F}.Debug|x86.ActiveCfg = Debug|Win32
		{0F96C453-C14C-4CD2-909B-896DECA85C3F}.Debug|x86.Build.0 = Debug|Win32
		{0F96C453-C14C-4CD2-909B-896DECA85C3F}.Release|x64.ActiveCfg = Release|x64
		{0F96C453-C14C-4CD2-909B-896DECA85C3F}.Release|x64.Build.0 = Release|x64
		{0F96C453-C14C-4CD2-909B-896DECA85C3F}.Release|x86.ActiveCfg = Release|Win32
		{0F96C453-C14C-4CD2-909B-896DECA85C3F}.Release|x86.Build.0 = Release|Win32
		{E120A9C1-5142-4455-80C9-F3B2F5C244D1}.Debug|x64.ActiveCfg = Debug|x64
		{E120A9C1-5142-4455-80C9-F3B2F5C244D1}.Debug|x64.Build.0 = Debug|x64
		{E120A9C1-5142-4455-80C9-F3B2F5C244D1}.Debug|x86.ActiveCfg = Debug|Win32
		{E120A9C1-5142-4455-80C9-F3B2F5C244D1}.Debug|x86.Build.0 = Debug|Win32
		{E120A9C1-5142-4455-80C9-F3B2F5C244D1}.Release|x64.ActiveCfg = Release|x64
		{E120A9C1-5142-4455-80C9-F3B2F5C244D1}.Release|x64.Build.0 = Release|x64
		{E120A9C1-5142-4455-80C9-F3B2F5C244D1}.Release|x86.ActiveCfg = Release|Win32
		{E120A9C1-5142-4455-80C9-F3B2F5C244D1}.Release|x86.Build.0 = Release|Win32
		{A6D6C80F-C755-4E80-9E23-2A42BCD50706}.Debug|x64.ActiveCfg = Debug|x64
		{A6D6C80F-C755-4E80-9E23-2A42BCD50706}.Debug|x64.Build.0 = Debug|x64
		{A6D6C80F-C755-4E80-9E23-2A42BCD50706}.Debug|x86.ActiveCfg = Debug|Win32
		{A6D6C80F-C755-4E80-9E23-2A42BCD50706}.Debug|x86.Build.0 = Debug|Win32
		{A6D6C80F-C755-4E80-9E23-2A42BCD50706}.Release|x64.ActiveCfg = Release|x64
		{A6D6C80F-C755-4E80-9E23-2A42BCD50706}.Release|x64.Build.0 = Release|x64
		{A6D6C80F-C755-4E80-9E23-2A42BCD50706}.Release|x86.ActiveCfg = Release|Win32
		{A6D6C80F-C755-4E80-9E23-2A42BCD50706}.Release|x86.Build.0 = Release|Win32
		{263A8E7C-83D1-4CF9-B29E-D698584397AE}.Debug|x64.ActiveCfg = Debug|x64
		{263A8E7C-83D1-4CF9-B29E-D698584397AE}.Debug|x64.Build.0 = Debug|x64
		{263A8E7C-83D1-4CF9-B29E-D698584397AE}.Debug|x86.ActiveCfg = Debug|Win32
		{263A8E7C-83D1-4CF9-B29E-D698584397AE}.Debug|x86.Build.0 = Debug|Win32
		{263A8E7C-83D1-4CF9-B29E-D698584397AE}.Release|x64.ActiveCfg = Release|x64
		{263A8E7C-83D1-4CF9-B29E-D698584397AE}.Release|x64.Build.0 = Release|x64
		{263A8E7C-83D1-4CF9-B29E-D698584397AE}.Release|x86.ActiveCfg = Release|Win32
		{263A8E7C-83D1-4CF9-B29E-D698584397AE}.Release|x86.Build.0 = Release|Win32
		{2493D2D3-73A7-4AA4-9600-1F7B34DDBDE6}.Debug|x64.ActiveCfg = Debug|x64
		{2493D2D3-73A7-4AA4-9600-1F7B34DDBDE6}.Debug|x64.Build.0 = Debug|x64
		{2493D2D3-73A7-4AA4-9600-1F7B34DDBDE6}.Debug|x86.ActiveCfg = Debug|Win32
		{2493D2D3-73A7-4AA4-9600-1F7B34DDBDE6}.Debug|x86.Build.0 = Debug|Win32
		{2493D2D3-73A7-4AA4-9600-1F7B34DDBDE6}.Release|x64.ActiveCfg = Release|x64
		{2493D2D3-73A7-4AA4-9600-1F7B34DDBDE6}.Release|x64.Build.0 = Release|x64
		{2493D2D3-73A7-4AA4-9600-1F7B34DDBDE6}.Release|x86.ActiveCfg = Release|Win32
		{2493D2D3-73A7-4AA4-9600-1F7B34DDBDE6}.Release|x86.Build.0 = Release|Win32
		{83C43761-857D-4A77-8BDA-F8FB04FAA765}.Debug|x64.ActiveCfg = Debug|x64
		{83C43761-857D-4A77-8BDA-F8FB04FAA765}.Debug|x64.Build.0 = Debug|x64
		{83C43761-857D-4A77-8BDA-F8FB04FAA765}.Debug|x86.ActiveCfg = Debug|Win32
		{83C43761-857D-4A77-8BDA-F8FB04FAA765}.Debug|x86.Build.0 = Debug|Win32
		{83C43761-857D-4A77-8BDA-F8FB04FAA765}.Release|x64.ActiveCfg = Release|x64
		{83C43761-857D-4A77-8BDA-F8FB04FAA765}.Release|x64.Build.0 = Release|x64
		{83C43761-857D-4A77-8BDA-F8FB04FAA765}.Release|x86.ActiveCfg = Release|Win32
		{83C43761-857D-4A77-8BDA-F8FB04FAA765}.Release|x86.Build.0 = Release|Win32
		{B3DB44EA-E8BC-4CA9-8CC2-A1BD921A7F1B}.Debug|x64.ActiveCfg = Debug|x64
		{B3DB44EA-E8BC-4CA9-8CC2-A1BD921A7F1B}.Debug|x64.Build.0 = Debug|x64
		{B3DB44EA-E8BC-4CA9-8CC2-A1BD921A7F1B}.Debug|x86.ActiveCfg = Debug|Win32
		{B3DB44EA-E8BC-4CA9-8CC2-A1BD921A7F1B}.Debug|x86.Build.0 = Debug|Win32
		{B3DB44EA-E8BC-4CA9-8CC2-A1BD921A7F1B}.Release|x64.ActiveCfg = Release|x64
		{B3DB44EA-E8BC-4CA9-8CC2-A1BD921A7F1B}.Release|x64.Build.0 = Release|x64
		{B3DB44EA-E8BC-4CA9-8CC2-A1BD921A7F1B}.Release|x86.ActiveCfg = Release|Win32
		{B3DB44EA-E8BC-4CA9-8CC2-A1BD921A7F1B}.Release|x86.Build.0 = Release|Win32
		{433F071A-F9AC-481C-9442-AC6224FDAF12}.Debug|x64.ActiveCfg = Debug|x64
		{433F071A-F9AC-481C-9442-AC6224FDAF12}.Debug|x64.Build.0 = Debug|x64
		{433F071A-F9AC-481C-9442-AC6224FDAF12}.Debug|x86.ActiveCfg = Debug|Win32
		{433F071A-F9AC-481C-9442-AC6224FDAF12}.Debug|x86.Build.0 = Debug|Win32
		{433F071A-F9AC-481C-9442-AC6224FDAF12}.Release|x64.ActiveCfg = Release|x64
		{433F071A-F9AC-481C-9442-AC6224FDAF12}.Release|x64.Build.0 = Release|x64
		{433F071A-F9AC-481C-9442-AC6224FDAF12}.Release|x86.ActiveCfg = Release|Win32
		{433F071A-F9AC-481C-9442-AC6224FDAF12}.Release|x86.Build.0 = Release|Win32
		{273E7A83-CCD7-4042-9004-535F73AD7C5B}.Debug|x64.ActiveCfg = Debug|x64
		{273E7A83-CCD7-4042-9004-535F73AD7C5B}.Debug|x64.Build.0 = Debug|x64
		{273E7A83-CCD7-4042-9004-535F73AD7C5B}.Debug|x86.ActiveCfg = Debug|Win32
		{273E7A83-CCD7-4042-9004-535F73AD7C5B}.Debug|x86.Build.0 = Debug|Win32
		{273E7A83-CCD7-4042-9004-535F73AD7C5B}.Release|x64.ActiveCfg = Release|x64
		{273E7A83-CCD7-4042-9004-535F73AD7C5B}.Release|x64.Build.0 = Release|x64
		{273E7A83-CCD7-4042-9004-535F73AD7C5B}.Release|x86.ActiveCfg = Release|Win32
		{273E7A83-CCD7-4042-9004-535F73AD7C5B}.Release|x86.Build.0 = Release|Win32
		{0263FD11-CD39-4394-9C40-A07DC2B755AF}.Debug|x64.ActiveCfg = Debug|x64
		{0263FD11-CD39-4394-9C40-A07DC2B755AF}.Debug|x64.Build.0 = Debug|x64
		{0263FD11-CD39-4394-9C40-A07DC2B755AF}.Debug|x86.ActiveCfg = Debug|Win32
		{0263FD11-CD39-4394-9C40-A07DC2B755AF}.Debug|x86.Build.0 = Debug|Win32
		{0263FD11-CD39-4394-9C40-A07DC2B755AF}.Release|x64.ActiveCfg = Release|x64
		{0263FD11-CD39-4394-9C40-A07DC2B755AF}.Release|x64.Build.0 = Release|x64
		{0263FD11-CD39-4394-9C40-A07DC2B755AF}.Release|x86.ActiveCfg = Release|Win32
		{0263FD11-CD39-4394-9C40-A07DC2B755AF}.Release|x86.Build.0 = Release|Win32
		{2FA1B0A9-F64B-47F2-B228-3B82296177FE}.Debug|x64.ActiveCfg = Debug|x64
		{2FA1B0A9-F64B-47F2-B228-3B82296177FE}.Debug|x64.Build.0 = Debug|x64
		{2FA1B0A9-F64B-47F2-B228-3B82296177FE}.Debug|x86.ActiveCfg = Debug|Win32
		{2FA1B0A9-F64B-47F2-B228-3B82296177FE}.Debug|x86.Build.0 = Debug|Win32
		{2FA1B0A9-F64B-47F2-B228-3B82296177FE}.Release|x64.ActiveCfg = Release|x64
		{2FA1B0A9-F64B-47F2-B228-3B82296177FE}.Release|x64.Build.0 = Release|x64
		{2FA1B0A9-F64B-47F2-B228-3B82296177FE}.Release|x86.ActiveCfg = Release|Win32
		{2FA1B0A9-F64B-47F2-B228-3B82296177FE}.Release|x86.Build.0 = Release|Win32
		{FE7A976E-E0B6-4444-BA21-2105AE628544}.Debug|x64.ActiveCfg = Debug|x64
		{FE7A976E-E0B6-4444-BA21-2105AE628544}.Debug|x64.Build.0 = Debug|x64
		{FE7A976E-E0B6-4444-BA21-2105AE628544}.Debug|x86.ActiveCfg = Debug|Win32
		{FE7A976E-E0B6-4444-BA21-2105AE628544}.Debug|x86.Build.0 = Debug|Win32
		{FE7A976E-E0B6-4444-BA21-2105AE628544}.Release|x64.ActiveCfg = Release|x64
		{FE7A976E-E0B6-4444-BA21-2105AE628544}.Release|x64.Build.0 = Release|x64
		{FE7A976E-E0B6-4444-BA21-2105AE628544}.Release|x86.ActiveCfg = Release|Win32
		{FE7A976E-E0B6-4444-BA21-2105AE628544}.Release|x86.Build.0 = Release|Win32
		{AC120DE8-25A4-4F5B-B3AB-FAF80584F5A3}.Debug|x64.ActiveCfg = Debug|x64
		{AC120DE8-25A4-4F5B-B3AB-FAF80584F5A3}.Debug|x64.Build.0 = Debug|x64
		{AC120DE8-25A4-4F5B-B3AB-FAF80584F5A3}.Debug|x86.ActiveCfg = Debug|Win32
		{AC120DE8-25A4-4F5B-B3AB-FAF80584F5A3}.Debug|x86.Build.0 = Debug|Win32
		{AC120DE8-25A4-4F5B-B3AB-FAF80584F5A3}.Release|x64.ActiveCfg = Release|x64
		{AC120DE8-25A4-4F5B-B3AB-FAF80584F5A3}.Release|x64.Build.0 = Release|x64
		{AC120DE8-25A4-4F5B-B3AB-FAF80584F5A3}.Release|x86.ActiveCfg = Release|Win32
		{AC120DE8-25A4-4F5B-B3AB-FAF80584F5A3}.Release|x86.Build.0 = Release|Win32
	EndGlobalSection
	GlobalSection(SolutionProperties) = preSolution
		HideSolutionNode = FALSE
	EndGlobalSection
	GlobalSection(ExtensibilityGlobals) = postSolution
		SolutionGuid = {9B32EFA1-514A-47AA-888C-3AE22C7FA46E}
	EndGlobalSection
EndGlobal
