
Microsoft Visual Studio Solution File, Format Version 12.00
# Visual Studio Version 16
VisualStudioVersion = 16.0.29324.140
MinimumVisualStudioVersion = 10.0.40219.1
Project("{8BC9CEB8-8B4A-11D0-8D11-00A0C91BC942}") = "Zavd2", "Zavd2\Zavd2.vcxproj", "{3AAE50B0-0295-4554-8176-C06668627149}"
EndProject
Project("{8BC9CEB8-8B4A-11D0-8D11-00A0C91BC942}") = "Zavd3", "Zavd3\Zavd3.vcxproj", "{BE6ECE5A-733D-4217-8CFC-CDC1A30367ED}"
EndProject
Project("{8BC9CEB8-8B4A-11D0-8D11-00A0C91BC942}") = "Zavd4", "Zavd4\Zavd4.vcxproj", "{3BB10134-0830-4D59-A03C-812E63DBC3D6}"
EndProject
Project("{8BC9CEB8-8B4A-11D0-8D11-00A0C91BC942}") = "Zavd7", "Zavd7\Zavd7.vcxproj", "{E657CA5F-E4E8-4931-BEFA-863434D5392A}"
EndProject
Project("{8BC9CEB8-8B4A-11D0-8D11-00A0C91BC942}") = "Zavd8", "Zavd8\Zavd8.vcxproj", "{A0C7B73E-8DD2-46FC-AC87-D51695FEC635}"
EndProject
Project("{8BC9CEB8-8B4A-11D0-8D11-00A0C91BC942}") = "Zavd9", "Zavd9\Zavd9.vcxproj", "{9846848C-CF62-4C99-81D3-E47BFA1B9FEE}"
EndProject
Project("{8BC9CEB8-8B4A-11D0-8D11-00A0C91BC942}") = "Zavd10", "Zavd10\Zavd10.vcxproj", "{6DDD561E-182C-4F4F-B936-CE8D0F5E1514}"
EndProject
Project("{8BC9CEB8-8B4A-11D0-8D11-00A0C91BC942}") = "Zavd11", "Zavd11\Zavd11.vcxproj", "{EC2C69BA-7284-4FA4-A42F-8305BDBC8111}"
EndProject
Project("{8BC9CEB8-8B4A-11D0-8D11-00A0C91BC942}") = "Zavd12", "Zavd12\Zavd12.vcxproj", "{5D3DCBCE-EB85-4618-9461-2E9DDB4B162C}"
EndProject
Project("{8BC9CEB8-8B4A-11D0-8D11-00A0C91BC942}") = "Zavd13", "Zavd13\Zavd13.vcxproj", "{9F6A1F2B-EBDD-4DE1-8C07-88B965A0077E}"
EndProject
Global
	GlobalSection(SolutionConfigurationPlatforms) = preSolution
		Debug|x64 = Debug|x64
		Debug|x86 = Debug|x86
		Release|x64 = Release|x64
		Release|x86 = Release|x86
	EndGlobalSection
	GlobalSection(ProjectConfigurationPlatforms) = postSolution
		{3AAE50B0-0295-4554-8176-C06668627149}.Debug|x64.ActiveCfg = Debug|x64
		{3AAE50B0-0295-4554-8176-C06668627149}.Debug|x64.Build.0 = Debug|x64
		{3AAE50B0-0295-4554-8176-C06668627149}.Debug|x86.ActiveCfg = Debug|Win32
		{3AAE50B0-0295-4554-8176-C06668627149}.Debug|x86.Build.0 = Debug|Win32
		{3AAE50B0-0295-4554-8176-C06668627149}.Release|x64.ActiveCfg = Release|x64
		{3AAE50B0-0295-4554-8176-C06668627149}.Release|x64.Build.0 = Release|x64
		{3AAE50B0-0295-4554-8176-C06668627149}.Release|x86.ActiveCfg = Release|Win32
		{3AAE50B0-0295-4554-8176-C06668627149}.Release|x86.Build.0 = Release|Win32
		{BE6ECE5A-733D-4217-8CFC-CDC1A30367ED}.Debug|x64.ActiveCfg = Debug|x64
		{BE6ECE5A-733D-4217-8CFC-CDC1A30367ED}.Debug|x64.Build.0 = Debug|x64
		{BE6ECE5A-733D-4217-8CFC-CDC1A30367ED}.Debug|x86.ActiveCfg = Debug|Win32
		{BE6ECE5A-733D-4217-8CFC-CDC1A30367ED}.Debug|x86.Build.0 = Debug|Win32
		{BE6ECE5A-733D-4217-8CFC-CDC1A30367ED}.Release|x64.ActiveCfg = Release|x64
		{BE6ECE5A-733D-4217-8CFC-CDC1A30367ED}.Release|x64.Build.0 = Release|x64
		{BE6ECE5A-733D-4217-8CFC-CDC1A30367ED}.Release|x86.ActiveCfg = Release|Win32
		{BE6ECE5A-733D-4217-8CFC-CDC1A30367ED}.Release|x86.Build.0 = Release|Win32
		{3BB10134-0830-4D59-A03C-812E63DBC3D6}.Debug|x64.ActiveCfg = Debug|x64
		{3BB10134-0830-4D59-A03C-812E63DBC3D6}.Debug|x64.Build.0 = Debug|x64
		{3BB10134-0830-4D59-A03C-812E63DBC3D6}.Debug|x86.ActiveCfg = Debug|Win32
		{3BB10134-0830-4D59-A03C-812E63DBC3D6}.Debug|x86.Build.0 = Debug|Win32
		{3BB10134-0830-4D59-A03C-812E63DBC3D6}.Release|x64.ActiveCfg = Release|x64
		{3BB10134-0830-4D59-A03C-812E63DBC3D6}.Release|x64.Build.0 = Release|x64
		{3BB10134-0830-4D59-A03C-812E63DBC3D6}.Release|x86.ActiveCfg = Release|Win32
		{3BB10134-0830-4D59-A03C-812E63DBC3D6}.Release|x86.Build.0 = Release|Win32
		{E657CA5F-E4E8-4931-BEFA-863434D5392A}.Debug|x64.ActiveCfg = Debug|x64
		{E657CA5F-E4E8-4931-BEFA-863434D5392A}.Debug|x64.Build.0 = Debug|x64
		{E657CA5F-E4E8-4931-BEFA-863434D5392A}.Debug|x86.ActiveCfg = Debug|Win32
		{E657CA5F-E4E8-4931-BEFA-863434D5392A}.Debug|x86.Build.0 = Debug|Win32
		{E657CA5F-E4E8-4931-BEFA-863434D5392A}.Release|x64.ActiveCfg = Release|x64
		{E657CA5F-E4E8-4931-BEFA-863434D5392A}.Release|x64.Build.0 = Release|x64
		{E657CA5F-E4E8-4931-BEFA-863434D5392A}.Release|x86.ActiveCfg = Release|Win32
		{E657CA5F-E4E8-4931-BEFA-863434D5392A}.Release|x86.Build.0 = Release|Win32
		{A0C7B73E-8DD2-46FC-AC87-D51695FEC635}.Debug|x64.ActiveCfg = Debug|x64
		{A0C7B73E-8DD2-46FC-AC87-D51695FEC635}.Debug|x64.Build.0 = Debug|x64
		{A0C7B73E-8DD2-46FC-AC87-D51695FEC635}.Debug|x86.ActiveCfg = Debug|Win32
		{A0C7B73E-8DD2-46FC-AC87-D51695FEC635}.Debug|x86.Build.0 = Debug|Win32
		{A0C7B73E-8DD2-46FC-AC87-D51695FEC635}.Release|x64.ActiveCfg = Release|x64
		{A0C7B73E-8DD2-46FC-AC87-D51695FEC635}.Release|x64.Build.0 = Release|x64
		{A0C7B73E-8DD2-46FC-AC87-D51695FEC635}.Release|x86.ActiveCfg = Release|Win32
		{A0C7B73E-8DD2-46FC-AC87-D51695FEC635}.Release|x86.Build.0 = Release|Win32
		{9846848C-CF62-4C99-81D3-E47BFA1B9FEE}.Debug|x64.ActiveCfg = Debug|x64
		{9846848C-CF62-4C99-81D3-E47BFA1B9FEE}.Debug|x64.Build.0 = Debug|x64
		{9846848C-CF62-4C99-81D3-E47BFA1B9FEE}.Debug|x86.ActiveCfg = Debug|Win32
		{9846848C-CF62-4C99-81D3-E47BFA1B9FEE}.Debug|x86.Build.0 = Debug|Win32
		{9846848C-CF62-4C99-81D3-E47BFA1B9FEE}.Release|x64.ActiveCfg = Release|x64
		{9846848C-CF62-4C99-81D3-E47BFA1B9FEE}.Release|x64.Build.0 = Release|x64
		{9846848C-CF62-4C99-81D3-E47BFA1B9FEE}.Release|x86.ActiveCfg = Release|Win32
		{9846848C-CF62-4C99-81D3-E47BFA1B9FEE}.Release|x86.Build.0 = Release|Win32
		{6DDD561E-182C-4F4F-B936-CE8D0F5E1514}.Debug|x64.ActiveCfg = Debug|x64
		{6DDD561E-182C-4F4F-B936-CE8D0F5E1514}.Debug|x64.Build.0 = Debug|x64
		{6DDD561E-182C-4F4F-B936-CE8D0F5E1514}.Debug|x86.ActiveCfg = Debug|Win32
		{6DDD561E-182C-4F4F-B936-CE8D0F5E1514}.Debug|x86.Build.0 = Debug|Win32
		{6DDD561E-182C-4F4F-B936-CE8D0F5E1514}.Release|x64.ActiveCfg = Release|x64
		{6DDD561E-182C-4F4F-B936-CE8D0F5E1514}.Release|x64.Build.0 = Release|x64
		{6DDD561E-182C-4F4F-B936-CE8D0F5E1514}.Release|x86.ActiveCfg = Release|Win32
		{6DDD561E-182C-4F4F-B936-CE8D0F5E1514}.Release|x86.Build.0 = Release|Win32
		{EC2C69BA-7284-4FA4-A42F-8305BDBC8111}.Debug|x64.ActiveCfg = Debug|x64
		{EC2C69BA-7284-4FA4-A42F-8305BDBC8111}.Debug|x64.Build.0 = Debug|x64
		{EC2C69BA-7284-4FA4-A42F-8305BDBC8111}.Debug|x86.ActiveCfg = Debug|Win32
		{EC2C69BA-7284-4FA4-A42F-8305BDBC8111}.Debug|x86.Build.0 = Debug|Win32
		{EC2C69BA-7284-4FA4-A42F-8305BDBC8111}.Release|x64.ActiveCfg = Release|x64
		{EC2C69BA-7284-4FA4-A42F-8305BDBC8111}.Release|x64.Build.0 = Release|x64
		{EC2C69BA-7284-4FA4-A42F-8305BDBC8111}.Release|x86.ActiveCfg = Release|Win32
		{EC2C69BA-7284-4FA4-A42F-8305BDBC8111}.Release|x86.Build.0 = Release|Win32
		{5D3DCBCE-EB85-4618-9461-2E9DDB4B162C}.Debug|x64.ActiveCfg = Debug|x64
		{5D3DCBCE-EB85-4618-9461-2E9DDB4B162C}.Debug|x64.Build.0 = Debug|x64
		{5D3DCBCE-EB85-4618-9461-2E9DDB4B162C}.Debug|x86.ActiveCfg = Debug|Win32
		{5D3DCBCE-EB85-4618-9461-2E9DDB4B162C}.Debug|x86.Build.0 = Debug|Win32
		{5D3DCBCE-EB85-4618-9461-2E9DDB4B162C}.Release|x64.ActiveCfg = Release|x64
		{5D3DCBCE-EB85-4618-9461-2E9DDB4B162C}.Release|x64.Build.0 = Release|x64
		{5D3DCBCE-EB85-4618-9461-2E9DDB4B162C}.Release|x86.ActiveCfg = Release|Win32
		{5D3DCBCE-EB85-4618-9461-2E9DDB4B162C}.Release|x86.Build.0 = Release|Win32
		{9F6A1F2B-EBDD-4DE1-8C07-88B965A0077E}.Debug|x64.ActiveCfg = Debug|x64
		{9F6A1F2B-EBDD-4DE1-8C07-88B965A0077E}.Debug|x64.Build.0 = Debug|x64
		{9F6A1F2B-EBDD-4DE1-8C07-88B965A0077E}.Debug|x86.ActiveCfg = Debug|Win32
		{9F6A1F2B-EBDD-4DE1-8C07-88B965A0077E}.Debug|x86.Build.0 = Debug|Win32
		{9F6A1F2B-EBDD-4DE1-8C07-88B965A0077E}.Release|x64.ActiveCfg = Release|x64
		{9F6A1F2B-EBDD-4DE1-8C07-88B965A0077E}.Release|x64.Build.0 = Release|x64
		{9F6A1F2B-EBDD-4DE1-8C07-88B965A0077E}.Release|x86.ActiveCfg = Release|Win32
		{9F6A1F2B-EBDD-4DE1-8C07-88B965A0077E}.Release|x86.Build.0 = Release|Win32
	EndGlobalSection
	GlobalSection(SolutionProperties) = preSolution
		HideSolutionNode = FALSE
	EndGlobalSection
	GlobalSection(ExtensibilityGlobals) = postSolution
		SolutionGuid = {397B9A5A-8761-4013-921E-011C22342CEC}
	EndGlobalSection
EndGlobal
