
Microsoft Visual Studio Solution File, Format Version 12.00
# Visual Studio Version 16
VisualStudioVersion = 16.0.29324.140
MinimumVisualStudioVersion = 10.0.40219.1
Project("{8BC9CEB8-8B4A-11D0-8D11-00A0C91BC942}") = "Z1", "Z1\Z1.vcxproj", "{8CC62B37-D868-4AF1-AA76-5DA7375A18EB}"
EndProject
Project("{8BC9CEB8-8B4A-11D0-8D11-00A0C91BC942}") = "Z2", "Z2\Z2.vcxproj", "{BDBE6692-F12D-4122-85EC-080CCBBADF07}"
EndProject
Project("{8BC9CEB8-8B4A-11D0-8D11-00A0C91BC942}") = "Z3", "Z3\Z3.vcxproj", "{76C8A31D-9C4E-4070-86DF-F77A9F1EE541}"
EndProject
Project("{8BC9CEB8-8B4A-11D0-8D11-00A0C91BC942}") = "Z4", "Z4\Z4.vcxproj", "{B743855B-B599-49B2-8125-2CD4F158CA8B}"
EndProject
Project("{8BC9CEB8-8B4A-11D0-8D11-00A0C91BC942}") = "Z5", "Z5\Z5.vcxproj", "{52B52024-65BC-4C0B-A7BB-EBEDADE45B8E}"
EndProject
Project("{8BC9CEB8-8B4A-11D0-8D11-00A0C91BC942}") = "Z6", "Z6\Z6.vcxproj", "{028C29E6-9666-42FB-ACFE-C6FC2CF75DBB}"
EndProject
Project("{8BC9CEB8-8B4A-11D0-8D11-00A0C91BC942}") = "Z7", "Z7\Z7.vcxproj", "{D94573EF-0BE3-422C-AA3A-A423340CF17B}"
EndProject
Project("{8BC9CEB8-8B4A-11D0-8D11-00A0C91BC942}") = "Z8", "Z8\Z8.vcxproj", "{DB97877C-A1EA-46E1-9010-467D3E5B7572}"
EndProject
Project("{8BC9CEB8-8B4A-11D0-8D11-00A0C91BC942}") = "Z9", "Z9\Z9.vcxproj", "{1C7A2B34-4068-4F87-A5CC-7125C7772CA2}"
EndProject
Project("{8BC9CEB8-8B4A-11D0-8D11-00A0C91BC942}") = "Z10", "Z10\Z10.vcxproj", "{DFEF304A-1C5D-4823-9C77-4CB3A4485F5A}"
EndProject
Project("{8BC9CEB8-8B4A-11D0-8D11-00A0C91BC942}") = "Z11", "Z11\Z11.vcxproj", "{AC28AE93-8BAE-4CEB-B23E-91B98008163D}"
EndProject
Project("{8BC9CEB8-8B4A-11D0-8D11-00A0C91BC942}") = "Z12", "Z12\Z12.vcxproj", "{9F5DEE72-D07D-4094-B81E-904877AFF895}"
EndProject
Project("{8BC9CEB8-8B4A-11D0-8D11-00A0C91BC942}") = "Z13", "Z13\Z13.vcxproj", "{8A84895A-11C3-4A18-BC77-9DFAAB92A5CB}"
EndProject
Project("{8BC9CEB8-8B4A-11D0-8D11-00A0C91BC942}") = "Z14", "Z14\Z14.vcxproj", "{F5A29F7B-5A36-439F-BE89-316FBAE79D19}"
EndProject
Project("{8BC9CEB8-8B4A-11D0-8D11-00A0C91BC942}") = "Z15", "Z15\Z15.vcxproj", "{3E56FAB5-1565-4BE9-BF05-6C42B3757D88}"
EndProject
Project("{8BC9CEB8-8B4A-11D0-8D11-00A0C91BC942}") = "Z16", "Z16\Z16.vcxproj", "{4F4AA501-FF52-487F-AD9C-8AD28522C7B1}"
EndProject
Project("{8BC9CEB8-8B4A-11D0-8D11-00A0C91BC942}") = "Z17", "Z17\Z17.vcxproj", "{2B305CE0-9433-4B16-B0E9-59A9FEF46818}"
EndProject
Project("{8BC9CEB8-8B4A-11D0-8D11-00A0C91BC942}") = "Z18", "Z18\Z18.vcxproj", "{E1EE17CC-2E6B-444F-B4C5-D40391ECD5E3}"
EndProject
Global
	GlobalSection(SolutionConfigurationPlatforms) = preSolution
		Debug|x64 = Debug|x64
		Debug|x86 = Debug|x86
		Release|x64 = Release|x64
		Release|x86 = Release|x86
	EndGlobalSection
	GlobalSection(ProjectConfigurationPlatforms) = postSolution
		{8CC62B37-D868-4AF1-AA76-5DA7375A18EB}.Debug|x64.ActiveCfg = Debug|x64
		{8CC62B37-D868-4AF1-AA76-5DA7375A18EB}.Debug|x64.Build.0 = Debug|x64
		{8CC62B37-D868-4AF1-AA76-5DA7375A18EB}.Debug|x86.ActiveCfg = Debug|Win32
		{8CC62B37-D868-4AF1-AA76-5DA7375A18EB}.Debug|x86.Build.0 = Debug|Win32
		{8CC62B37-D868-4AF1-AA76-5DA7375A18EB}.Release|x64.ActiveCfg = Release|x64
		{8CC62B37-D868-4AF1-AA76-5DA7375A18EB}.Release|x64.Build.0 = Release|x64
		{8CC62B37-D868-4AF1-AA76-5DA7375A18EB}.Release|x86.ActiveCfg = Release|Win32
		{8CC62B37-D868-4AF1-AA76-5DA7375A18EB}.Release|x86.Build.0 = Release|Win32
		{BDBE6692-F12D-4122-85EC-080CCBBADF07}.Debug|x64.ActiveCfg = Debug|x64
		{BDBE6692-F12D-4122-85EC-080CCBBADF07}.Debug|x64.Build.0 = Debug|x64
		{BDBE6692-F12D-4122-85EC-080CCBBADF07}.Debug|x86.ActiveCfg = Debug|Win32
		{BDBE6692-F12D-4122-85EC-080CCBBADF07}.Debug|x86.Build.0 = Debug|Win32
		{BDBE6692-F12D-4122-85EC-080CCBBADF07}.Release|x64.ActiveCfg = Release|x64
		{BDBE6692-F12D-4122-85EC-080CCBBADF07}.Release|x64.Build.0 = Release|x64
		{BDBE6692-F12D-4122-85EC-080CCBBADF07}.Release|x86.ActiveCfg = Release|Win32
		{BDBE6692-F12D-4122-85EC-080CCBBADF07}.Release|x86.Build.0 = Release|Win32
		{76C8A31D-9C4E-4070-86DF-F77A9F1EE541}.Debug|x64.ActiveCfg = Debug|x64
		{76C8A31D-9C4E-4070-86DF-F77A9F1EE541}.Debug|x64.Build.0 = Debug|x64
		{76C8A31D-9C4E-4070-86DF-F77A9F1EE541}.Debug|x86.ActiveCfg = Debug|Win32
		{76C8A31D-9C4E-4070-86DF-F77A9F1EE541}.Debug|x86.Build.0 = Debug|Win32
		{76C8A31D-9C4E-4070-86DF-F77A9F1EE541}.Release|x64.ActiveCfg = Release|x64
		{76C8A31D-9C4E-4070-86DF-F77A9F1EE541}.Release|x64.Build.0 = Release|x64
		{76C8A31D-9C4E-4070-86DF-F77A9F1EE541}.Release|x86.ActiveCfg = Release|Win32
		{76C8A31D-9C4E-4070-86DF-F77A9F1EE541}.Release|x86.Build.0 = Release|Win32
		{B743855B-B599-49B2-8125-2CD4F158CA8B}.Debug|x64.ActiveCfg = Debug|x64
		{B743855B-B599-49B2-8125-2CD4F158CA8B}.Debug|x64.Build.0 = Debug|x64
		{B743855B-B599-49B2-8125-2CD4F158CA8B}.Debug|x86.ActiveCfg = Debug|Win32
		{B743855B-B599-49B2-8125-2CD4F158CA8B}.Debug|x86.Build.0 = Debug|Win32
		{B743855B-B599-49B2-8125-2CD4F158CA8B}.Release|x64.ActiveCfg = Release|x64
		{B743855B-B599-49B2-8125-2CD4F158CA8B}.Release|x64.Build.0 = Release|x64
		{B743855B-B599-49B2-8125-2CD4F158CA8B}.Release|x86.ActiveCfg = Release|Win32
		{B743855B-B599-49B2-8125-2CD4F158CA8B}.Release|x86.Build.0 = Release|Win32
		{52B52024-65BC-4C0B-A7BB-EBEDADE45B8E}.Debug|x64.ActiveCfg = Debug|x64
		{52B52024-65BC-4C0B-A7BB-EBEDADE45B8E}.Debug|x64.Build.0 = Debug|x64
		{52B52024-65BC-4C0B-A7BB-EBEDADE45B8E}.Debug|x86.ActiveCfg = Debug|Win32
		{52B52024-65BC-4C0B-A7BB-EBEDADE45B8E}.Debug|x86.Build.0 = Debug|Win32
		{52B52024-65BC-4C0B-A7BB-EBEDADE45B8E}.Release|x64.ActiveCfg = Release|x64
		{52B52024-65BC-4C0B-A7BB-EBEDADE45B8E}.Release|x64.Build.0 = Release|x64
		{52B52024-65BC-4C0B-A7BB-EBEDADE45B8E}.Release|x86.ActiveCfg = Release|Win32
		{52B52024-65BC-4C0B-A7BB-EBEDADE45B8E}.Release|x86.Build.0 = Release|Win32
		{028C29E6-9666-42FB-ACFE-C6FC2CF75DBB}.Debug|x64.ActiveCfg = Debug|x64
		{028C29E6-9666-42FB-ACFE-C6FC2CF75DBB}.Debug|x64.Build.0 = Debug|x64
		{028C29E6-9666-42FB-ACFE-C6FC2CF75DBB}.Debug|x86.ActiveCfg = Debug|Win32
		{028C29E6-9666-42FB-ACFE-C6FC2CF75DBB}.Debug|x86.Build.0 = Debug|Win32
		{028C29E6-9666-42FB-ACFE-C6FC2CF75DBB}.Release|x64.ActiveCfg = Release|x64
		{028C29E6-9666-42FB-ACFE-C6FC2CF75DBB}.Release|x64.Build.0 = Release|x64
		{028C29E6-9666-42FB-ACFE-C6FC2CF75DBB}.Release|x86.ActiveCfg = Release|Win32
		{028C29E6-9666-42FB-ACFE-C6FC2CF75DBB}.Release|x86.Build.0 = Release|Win32
		{D94573EF-0BE3-422C-AA3A-A423340CF17B}.Debug|x64.ActiveCfg = Debug|x64
		{D94573EF-0BE3-422C-AA3A-A423340CF17B}.Debug|x64.Build.0 = Debug|x64
		{D94573EF-0BE3-422C-AA3A-A423340CF17B}.Debug|x86.ActiveCfg = Debug|Win32
		{D94573EF-0BE3-422C-AA3A-A423340CF17B}.Debug|x86.Build.0 = Debug|Win32
		{D94573EF-0BE3-422C-AA3A-A423340CF17B}.Release|x64.ActiveCfg = Release|x64
		{D94573EF-0BE3-422C-AA3A-A423340CF17B}.Release|x64.Build.0 = Release|x64
		{D94573EF-0BE3-422C-AA3A-A423340CF17B}.Release|x86.ActiveCfg = Release|Win32
		{D94573EF-0BE3-422C-AA3A-A423340CF17B}.Release|x86.Build.0 = Release|Win32
		{DB97877C-A1EA-46E1-9010-467D3E5B7572}.Debug|x64.ActiveCfg = Debug|x64
		{DB97877C-A1EA-46E1-9010-467D3E5B7572}.Debug|x64.Build.0 = Debug|x64
		{DB97877C-A1EA-46E1-9010-467D3E5B7572}.Debug|x86.ActiveCfg = Debug|Win32
		{DB97877C-A1EA-46E1-9010-467D3E5B7572}.Debug|x86.Build.0 = Debug|Win32
		{DB97877C-A1EA-46E1-9010-467D3E5B7572}.Release|x64.ActiveCfg = Release|x64
		{DB97877C-A1EA-46E1-9010-467D3E5B7572}.Release|x64.Build.0 = Release|x64
		{DB97877C-A1EA-46E1-9010-467D3E5B7572}.Release|x86.ActiveCfg = Release|Win32
		{DB97877C-A1EA-46E1-9010-467D3E5B7572}.Release|x86.Build.0 = Release|Win32
		{1C7A2B34-4068-4F87-A5CC-7125C7772CA2}.Debug|x64.ActiveCfg = Debug|x64
		{1C7A2B34-4068-4F87-A5CC-7125C7772CA2}.Debug|x64.Build.0 = Debug|x64
		{1C7A2B34-4068-4F87-A5CC-7125C7772CA2}.Debug|x86.ActiveCfg = Debug|Win32
		{1C7A2B34-4068-4F87-A5CC-7125C7772CA2}.Debug|x86.Build.0 = Debug|Win32
		{1C7A2B34-4068-4F87-A5CC-7125C7772CA2}.Release|x64.ActiveCfg = Release|x64
		{1C7A2B34-4068-4F87-A5CC-7125C7772CA2}.Release|x64.Build.0 = Release|x64
		{1C7A2B34-4068-4F87-A5CC-7125C7772CA2}.Release|x86.ActiveCfg = Release|Win32
		{1C7A2B34-4068-4F87-A5CC-7125C7772CA2}.Release|x86.Build.0 = Release|Win32
		{DFEF304A-1C5D-4823-9C77-4CB3A4485F5A}.Debug|x64.ActiveCfg = Debug|x64
		{DFEF304A-1C5D-4823-9C77-4CB3A4485F5A}.Debug|x64.Build.0 = Debug|x64
		{DFEF304A-1C5D-4823-9C77-4CB3A4485F5A}.Debug|x86.ActiveCfg = Debug|Win32
		{DFEF304A-1C5D-4823-9C77-4CB3A4485F5A}.Debug|x86.Build.0 = Debug|Win32
		{DFEF304A-1C5D-4823-9C77-4CB3A4485F5A}.Release|x64.ActiveCfg = Release|x64
		{DFEF304A-1C5D-4823-9C77-4CB3A4485F5A}.Release|x64.Build.0 = Release|x64
		{DFEF304A-1C5D-4823-9C77-4CB3A4485F5A}.Release|x86.ActiveCfg = Release|Win32
		{DFEF304A-1C5D-4823-9C77-4CB3A4485F5A}.Release|x86.Build.0 = Release|Win32
		{AC28AE93-8BAE-4CEB-B23E-91B98008163D}.Debug|x64.ActiveCfg = Debug|x64
		{AC28AE93-8BAE-4CEB-B23E-91B98008163D}.Debug|x64.Build.0 = Debug|x64
		{AC28AE93-8BAE-4CEB-B23E-91B98008163D}.Debug|x86.ActiveCfg = Debug|Win32
		{AC28AE93-8BAE-4CEB-B23E-91B98008163D}.Debug|x86.Build.0 = Debug|Win32
		{AC28AE93-8BAE-4CEB-B23E-91B98008163D}.Release|x64.ActiveCfg = Release|x64
		{AC28AE93-8BAE-4CEB-B23E-91B98008163D}.Release|x64.Build.0 = Release|x64
		{AC28AE93-8BAE-4CEB-B23E-91B98008163D}.Release|x86.ActiveCfg = Release|Win32
		{AC28AE93-8BAE-4CEB-B23E-91B98008163D}.Release|x86.Build.0 = Release|Win32
		{9F5DEE72-D07D-4094-B81E-904877AFF895}.Debug|x64.ActiveCfg = Debug|x64
		{9F5DEE72-D07D-4094-B81E-904877AFF895}.Debug|x64.Build.0 = Debug|x64
		{9F5DEE72-D07D-4094-B81E-904877AFF895}.Debug|x86.ActiveCfg = Debug|Win32
		{9F5DEE72-D07D-4094-B81E-904877AFF895}.Debug|x86.Build.0 = Debug|Win32
		{9F5DEE72-D07D-4094-B81E-904877AFF895}.Release|x64.ActiveCfg = Release|x64
		{9F5DEE72-D07D-4094-B81E-904877AFF895}.Release|x64.Build.0 = Release|x64
		{9F5DEE72-D07D-4094-B81E-904877AFF895}.Release|x86.ActiveCfg = Release|Win32
		{9F5DEE72-D07D-4094-B81E-904877AFF895}.Release|x86.Build.0 = Release|Win32
		{8A84895A-11C3-4A18-BC77-9DFAAB92A5CB}.Debug|x64.ActiveCfg = Debug|x64
		{8A84895A-11C3-4A18-BC77-9DFAAB92A5CB}.Debug|x64.Build.0 = Debug|x64
		{8A84895A-11C3-4A18-BC77-9DFAAB92A5CB}.Debug|x86.ActiveCfg = Debug|Win32
		{8A84895A-11C3-4A18-BC77-9DFAAB92A5CB}.Debug|x86.Build.0 = Debug|Win32
		{8A84895A-11C3-4A18-BC77-9DFAAB92A5CB}.Release|x64.ActiveCfg = Release|x64
		{8A84895A-11C3-4A18-BC77-9DFAAB92A5CB}.Release|x64.Build.0 = Release|x64
		{8A84895A-11C3-4A18-BC77-9DFAAB92A5CB}.Release|x86.ActiveCfg = Release|Win32
		{8A84895A-11C3-4A18-BC77-9DFAAB92A5CB}.Release|x86.Build.0 = Release|Win32
		{F5A29F7B-5A36-439F-BE89-316FBAE79D19}.Debug|x64.ActiveCfg = Debug|x64
		{F5A29F7B-5A36-439F-BE89-316FBAE79D19}.Debug|x64.Build.0 = Debug|x64
		{F5A29F7B-5A36-439F-BE89-316FBAE79D19}.Debug|x86.ActiveCfg = Debug|Win32
		{F5A29F7B-5A36-439F-BE89-316FBAE79D19}.Debug|x86.Build.0 = Debug|Win32
		{F5A29F7B-5A36-439F-BE89-316FBAE79D19}.Release|x64.ActiveCfg = Release|x64
		{F5A29F7B-5A36-439F-BE89-316FBAE79D19}.Release|x64.Build.0 = Release|x64
		{F5A29F7B-5A36-439F-BE89-316FBAE79D19}.Release|x86.ActiveCfg = Release|Win32
		{F5A29F7B-5A36-439F-BE89-316FBAE79D19}.Release|x86.Build.0 = Release|Win32
		{3E56FAB5-1565-4BE9-BF05-6C42B3757D88}.Debug|x64.ActiveCfg = Debug|x64
		{3E56FAB5-1565-4BE9-BF05-6C42B3757D88}.Debug|x64.Build.0 = Debug|x64
		{3E56FAB5-1565-4BE9-BF05-6C42B3757D88}.Debug|x86.ActiveCfg = Debug|Win32
		{3E56FAB5-1565-4BE9-BF05-6C42B3757D88}.Debug|x86.Build.0 = Debug|Win32
		{3E56FAB5-1565-4BE9-BF05-6C42B3757D88}.Release|x64.ActiveCfg = Release|x64
		{3E56FAB5-1565-4BE9-BF05-6C42B3757D88}.Release|x64.Build.0 = Release|x64
		{3E56FAB5-1565-4BE9-BF05-6C42B3757D88}.Release|x86.ActiveCfg = Release|Win32
		{3E56FAB5-1565-4BE9-BF05-6C42B3757D88}.Release|x86.Build.0 = Release|Win32
		{4F4AA501-FF52-487F-AD9C-8AD28522C7B1}.Debug|x64.ActiveCfg = Debug|x64
		{4F4AA501-FF52-487F-AD9C-8AD28522C7B1}.Debug|x64.Build.0 = Debug|x64
		{4F4AA501-FF52-487F-AD9C-8AD28522C7B1}.Debug|x86.ActiveCfg = Debug|Win32
		{4F4AA501-FF52-487F-AD9C-8AD28522C7B1}.Debug|x86.Build.0 = Debug|Win32
		{4F4AA501-FF52-487F-AD9C-8AD28522C7B1}.Release|x64.ActiveCfg = Release|x64
		{4F4AA501-FF52-487F-AD9C-8AD28522C7B1}.Release|x64.Build.0 = Release|x64
		{4F4AA501-FF52-487F-AD9C-8AD28522C7B1}.Release|x86.ActiveCfg = Release|Win32
		{4F4AA501-FF52-487F-AD9C-8AD28522C7B1}.Release|x86.Build.0 = Release|Win32
		{2B305CE0-9433-4B16-B0E9-59A9FEF46818}.Debug|x64.ActiveCfg = Debug|x64
		{2B305CE0-9433-4B16-B0E9-59A9FEF46818}.Debug|x64.Build.0 = Debug|x64
		{2B305CE0-9433-4B16-B0E9-59A9FEF46818}.Debug|x86.ActiveCfg = Debug|Win32
		{2B305CE0-9433-4B16-B0E9-59A9FEF46818}.Debug|x86.Build.0 = Debug|Win32
		{2B305CE0-9433-4B16-B0E9-59A9FEF46818}.Release|x64.ActiveCfg = Release|x64
		{2B305CE0-9433-4B16-B0E9-59A9FEF46818}.Release|x64.Build.0 = Release|x64
		{2B305CE0-9433-4B16-B0E9-59A9FEF46818}.Release|x86.ActiveCfg = Release|Win32
		{2B305CE0-9433-4B16-B0E9-59A9FEF46818}.Release|x86.Build.0 = Release|Win32
		{E1EE17CC-2E6B-444F-B4C5-D40391ECD5E3}.Debug|x64.ActiveCfg = Debug|x64
		{E1EE17CC-2E6B-444F-B4C5-D40391ECD5E3}.Debug|x64.Build.0 = Debug|x64
		{E1EE17CC-2E6B-444F-B4C5-D40391ECD5E3}.Debug|x86.ActiveCfg = Debug|Win32
		{E1EE17CC-2E6B-444F-B4C5-D40391ECD5E3}.Debug|x86.Build.0 = Debug|Win32
		{E1EE17CC-2E6B-444F-B4C5-D40391ECD5E3}.Release|x64.ActiveCfg = Release|x64
		{E1EE17CC-2E6B-444F-B4C5-D40391ECD5E3}.Release|x64.Build.0 = Release|x64
		{E1EE17CC-2E6B-444F-B4C5-D40391ECD5E3}.Release|x86.ActiveCfg = Release|Win32
		{E1EE17CC-2E6B-444F-B4C5-D40391ECD5E3}.Release|x86.Build.0 = Release|Win32
	EndGlobalSection
	GlobalSection(SolutionProperties) = preSolution
		HideSolutionNode = FALSE
	EndGlobalSection
	GlobalSection(ExtensibilityGlobals) = postSolution
		SolutionGuid = {4F2AD13F-5280-46B9-B919-223C1F5DA921}
	EndGlobalSection
EndGlobal
